
Microsoft Visual Studio Solution File, Format Version 12.00
# Visual Studio Version 17
VisualStudioVersion = 17.3.32825.248
MinimumVisualStudioVersion = 10.0.40219.1
Project("{FAE04EC0-301F-11D3-BF4B-00C04F79EFBC}") = "bai16", "bai16\bai16.csproj", "{EBB0DF9D-5359-4228-B2EB-7E1F13E887F2}"
EndProject
Global
	GlobalSection(SolutionConfigurationPlatforms) = preSolution
		Debug|Any CPU = Debug|Any CPU
		Release|Any CPU = Release|Any CPU
	EndGlobalSection
	GlobalSection(ProjectConfigurationPlatforms) = postSolution
		{EBB0DF9D-5359-4228-B2EB-7E1F13E887F2}.Debug|Any CPU.ActiveCfg = Debug|Any CPU
		{EBB0DF9D-5359-4228-B2EB-7E1F13E887F2}.Debug|Any CPU.Build.0 = Debug|Any CPU
		{EBB0DF9D-5359-4228-B2EB-7E1F13E887F2}.Release|Any CPU.ActiveCfg = Release|Any CPU
		{EBB0DF9D-5359-4228-B2EB-7E1F13E887F2}.Release|Any CPU.Build.0 = Release|Any CPU
	EndGlobalSection
	GlobalSection(SolutionProperties) = preSolution
		HideSolutionNode = FALSE
	EndGlobalSection
	GlobalSection(ExtensibilityGlobals) = postSolution
		SolutionGuid = {9CFE817A-7D60-436F-AC5E-C0A4E52BF7DB}
	EndGlobalSection
EndGlobal
